<Solution>
  <Folder Name="/.github/">
    <File Path=".github/renovate.json" />
  </Folder>
  <Folder Name="/.github/workflows/">
    <File Path=".github/workflows/build-and-test.yml" />
    <File Path=".github/workflows/codeql.yml" />
    <File Path=".github/workflows/daily-automatic-update.yml" />
  </Folder>
  <Folder Name="/src/">
    <Project Path="src/Soenneker.Libvips.Runners.Windows/Soenneker.Libvips.Runners.Windows.csproj" />
  </Folder>
  <Folder Name="/test/">
    <Project Path="test/Soenneker.Libvips.Runners.Windows.Tests/Soenneker.Libvips.Runners.Windows.Tests.csproj" />
  </Folder>
</Solution>
